
Microsoft Visual Studio Solution File, Format Version 12.00
# Visual Studio Version 17
VisualStudioVersion = 17.7.34221.43
MinimumVisualStudioVersion = 10.0.40219.1
Project("{8BC9CEB8-8B4A-11D0-8D11-00A0C91BC942}") = "LC_Mimikyu_Boss_Mod", "LC_Mimikyu_Boss_Mod\LC_Mimikyu_Boss_Mod.vcxproj", "{7F7B3332-6DCF-4E62-B425-F08FC438A487}"
EndProject
Global
	GlobalSection(SolutionConfigurationPlatforms) = preSolution
		Debug|x64 = Debug|x64
		Debug|x86 = Debug|x86
		ForPub|x64 = ForPub|x64
		ForPub|x86 = ForPub|x86
		Release|x64 = Release|x64
		Release|x86 = Release|x86
	EndGlobalSection
	GlobalSection(ProjectConfigurationPlatforms) = postSolution
		{7F7B3332-6DCF-4E62-B425-F08FC438A487}.Debug|x64.ActiveCfg = Debug|x64
		{7F7B3332-6DCF-4E62-B425-F08FC438A487}.Debug|x64.Build.0 = Debug|x64
		{7F7B3332-6DCF-4E62-B425-F08FC438A487}.Debug|x86.ActiveCfg = Debug|Win32
		{7F7B3332-6DCF-4E62-B425-F08FC438A487}.Debug|x86.Build.0 = Debug|Win32
		{7F7B3332-6DCF-4E62-B425-F08FC438A487}.ForPub|x64.ActiveCfg = ForPub|x64
		{7F7B3332-6DCF-4E62-B425-F08FC438A487}.ForPub|x64.Build.0 = ForPub|x64
		{7F7B3332-6DCF-4E62-B425-F08FC438A487}.ForPub|x86.ActiveCfg = ForPub|Win32
		{7F7B3332-6DCF-4E62-B425-F08FC438A487}.ForPub|x86.Build.0 = ForPub|Win32
		{7F7B3332-6DCF-4E62-B425-F08FC438A487}.Release|x64.ActiveCfg = Release|x64
		{7F7B3332-6DCF-4E62-B425-F08FC438A487}.Release|x64.Build.0 = Release|x64
		{7F7B3332-6DCF-4E62-B425-F08FC438A487}.Release|x86.ActiveCfg = Release|Win32
		{7F7B3332-6DCF-4E62-B425-F08FC438A487}.Release|x86.Build.0 = Release|Win32
	EndGlobalSection
	GlobalSection(SolutionProperties) = preSolution
		HideSolutionNode = FALSE
	EndGlobalSection
	GlobalSection(ExtensibilityGlobals) = postSolution
		SolutionGuid = {08CFC6F1-A6DD-400C-9696-B7637B8C526F}
	EndGlobalSection
EndGlobal
